
Microsoft Visual Studio Solution File, Format Version 12.00
# Visual Studio Version 17
VisualStudioVersion = 17.5.002.0
MinimumVisualStudioVersion = 10.0.40219.1
Project("{9A19103F-16F7-4668-BE54-9A1E7A4F7556}") = "CommandsService", "CommandsService\CommandsService.csproj", "{427C7656-D849-46D4-950A-AA622917BE4D}"
EndProject
Project("{9A19103F-16F7-4668-BE54-9A1E7A4F7556}") = "PlatformService", "PlatformService\PlatformService.csproj", "{93A13C13-A31C-43D1-A740-4A6382D7ACB5}"
EndProject
Global
	GlobalSection(SolutionConfigurationPlatforms) = preSolution
		Debug|Any CPU = Debug|Any CPU
		Release|Any CPU = Release|Any CPU
	EndGlobalSection
	GlobalSection(ProjectConfigurationPlatforms) = postSolution
		{427C7656-D849-46D4-950A-AA622917BE4D}.Debug|Any CPU.ActiveCfg = Debug|Any CPU
		{427C7656-D849-46D4-950A-AA622917BE4D}.Debug|Any CPU.Build.0 = Debug|Any CPU
		{427C7656-D849-46D4-950A-AA622917BE4D}.Release|Any CPU.ActiveCfg = Release|Any CPU
		{427C7656-D849-46D4-950A-AA622917BE4D}.Release|Any CPU.Build.0 = Release|Any CPU
		{93A13C13-A31C-43D1-A740-4A6382D7ACB5}.Debug|Any CPU.ActiveCfg = Debug|Any CPU
		{93A13C13-A31C-43D1-A740-4A6382D7ACB5}.Debug|Any CPU.Build.0 = Debug|Any CPU
		{93A13C13-A31C-43D1-A740-4A6382D7ACB5}.Release|Any CPU.ActiveCfg = Release|Any CPU
		{93A13C13-A31C-43D1-A740-4A6382D7ACB5}.Release|Any CPU.Build.0 = Release|Any CPU
	EndGlobalSection
	GlobalSection(SolutionProperties) = preSolution
		HideSolutionNode = FALSE
	EndGlobalSection
	GlobalSection(ExtensibilityGlobals) = postSolution
		SolutionGuid = {3AE0426F-D721-4C5A-B554-EA476ED525C6}
	EndGlobalSection
EndGlobal
